
Microsoft Visual Studio Solution File, Format Version 12.00
# Visual Studio Version 17
VisualStudioVersion = 17.9.34701.34
MinimumVisualStudioVersion = 10.0.40219.1
Project("{FAE04EC0-301F-11D3-BF4B-00C04F79EFBC}") = "TesteForm", "TesteForm\TesteForm.csproj", "{16415DA2-541A-48C4-869C-FB902A413F0B}"
EndProject
Global
	GlobalSection(SolutionConfigurationPlatforms) = preSolution
		Debug|Any CPU = Debug|Any CPU
		Release|Any CPU = Release|Any CPU
	EndGlobalSection
	GlobalSection(ProjectConfigurationPlatforms) = postSolution
		{16415DA2-541A-48C4-869C-FB902A413F0B}.Debug|Any CPU.ActiveCfg = Debug|Any CPU
		{16415DA2-541A-48C4-869C-FB902A413F0B}.Debug|Any CPU.Build.0 = Debug|Any CPU
		{16415DA2-541A-48C4-869C-FB902A413F0B}.Release|Any CPU.ActiveCfg = Release|Any CPU
		{16415DA2-541A-48C4-869C-FB902A413F0B}.Release|Any CPU.Build.0 = Release|Any CPU
	EndGlobalSection
	GlobalSection(SolutionProperties) = preSolution
		HideSolutionNode = FALSE
	EndGlobalSection
	GlobalSection(ExtensibilityGlobals) = postSolution
		SolutionGuid = {5D89F5DB-AC78-479F-A9B4-FB3FECE5F641}
	EndGlobalSection
EndGlobal
